
Microsoft Visual Studio Solution File, Format Version 12.00
# Visual Studio Version 16
VisualStudioVersion = 16.0.32228.343
MinimumVisualStudioVersion = 10.0.40219.1
Project("{FAE04EC0-301F-11D3-BF4B-00C04F79EFBC}") = "WebForm", "WebForm\WebForm.csproj", "{D13F058A-18D8-401D-B401-022450BDCCA0}"
	ProjectSection(ProjectDependencies) = postProject
		{BE0E1CEA-7B96-4D9A-B508-550078AA9288} = {BE0E1CEA-7B96-4D9A-B508-550078AA9288}
	EndProjectSection
EndProject
Project("{FAE04EC0-301F-11D3-BF4B-00C04F79EFBC}") = "WebService", "WebService\WebService.csproj", "{BE0E1CEA-7B96-4D9A-B508-550078AA9288}"
EndProject
Global
	GlobalSection(SolutionConfigurationPlatforms) = preSolution
		Debug|Any CPU = Debug|Any CPU
		Release|Any CPU = Release|Any CPU
	EndGlobalSection
	GlobalSection(ProjectConfigurationPlatforms) = postSolution
		{D13F058A-18D8-401D-B401-022450BDCCA0}.Debug|Any CPU.ActiveCfg = Debug|Any CPU
		{D13F058A-18D8-401D-B401-022450BDCCA0}.Debug|Any CPU.Build.0 = Debug|Any CPU
		{D13F058A-18D8-401D-B401-022450BDCCA0}.Release|Any CPU.ActiveCfg = Release|Any CPU
		{D13F058A-18D8-401D-B401-022450BDCCA0}.Release|Any CPU.Build.0 = Release|Any CPU
		{BE0E1CEA-7B96-4D9A-B508-550078AA9288}.Debug|Any CPU.ActiveCfg = Debug|Any CPU
		{BE0E1CEA-7B96-4D9A-B508-550078AA9288}.Debug|Any CPU.Build.0 = Debug|Any CPU
		{BE0E1CEA-7B96-4D9A-B508-550078AA9288}.Release|Any CPU.ActiveCfg = Release|Any CPU
		{BE0E1CEA-7B96-4D9A-B508-550078AA9288}.Release|Any CPU.Build.0 = Release|Any CPU
	EndGlobalSection
	GlobalSection(SolutionProperties) = preSolution
		HideSolutionNode = FALSE
	EndGlobalSection
	GlobalSection(ExtensibilityGlobals) = postSolution
		SolutionGuid = {4C7CBE42-58E8-45A3-8AF2-F6722B0C8DAC}
	EndGlobalSection
EndGlobal
